
Microsoft Visual Studio Solution File, Format Version 12.00
# Visual Studio Version 16
VisualStudioVersion = 16.0.28527.54
MinimumVisualStudioVersion = 10.0.40219.1
Project("{9A19103F-16F7-4668-BE54-9A1E7A4F7556}") = "ArdalisRating", "ArdalisRating\ArdalisRating.csproj", "{38C59C20-D21E-4ED2-86E9-908067167EDE}"
EndProject
Project("{9A19103F-16F7-4668-BE54-9A1E7A4F7556}") = "ArdalisRating.Tests", "ArdalisRating.Tests\ArdalisRating.Tests.csproj", "{DE47402F-D430-4B74-8014-4BD74B872E0E}"
EndProject
Project("{2150E333-8FDC-42A3-9474-1A3956D46DE8}") = "Implementations", "Implementations", "{0487C56B-9035-41E7-BB81-EB48D44D5906}"
EndProject
Project("{FAE04EC0-301F-11D3-BF4B-00C04F79EFBC}") = "PersistenceFileImplementation", "PersistenceFileImplementation\PersistenceFileImplementation.csproj", "{26D51893-6E30-4012-A5D5-3BCE042C396B}"
EndProject
Project("{FAE04EC0-301F-11D3-BF4B-00C04F79EFBC}") = "DataConstract", "DataConstract\DataConstract.csproj", "{6BBAA75C-24DD-4274-872A-B9FD581F6C9B}"
EndProject
Project("{FAE04EC0-301F-11D3-BF4B-00C04F79EFBC}") = "LogImplementation", "LogImplementation\LogImplementation.csproj", "{6AE011CC-0AB9-40BC-914F-1F7230E29F4D}"
EndProject
Project("{FAE04EC0-301F-11D3-BF4B-00C04F79EFBC}") = "BussinessPolicy", "BussinessPolicy\BussinessPolicy.csproj", "{C7945241-70FC-4471-BC6F-1B31F9C200DF}"
EndProject
Global
	GlobalSection(SolutionConfigurationPlatforms) = preSolution
		Debug|Any CPU = Debug|Any CPU
		Release|Any CPU = Release|Any CPU
	EndGlobalSection
	GlobalSection(ProjectConfigurationPlatforms) = postSolution
		{38C59C20-D21E-4ED2-86E9-908067167EDE}.Debug|Any CPU.ActiveCfg = Debug|Any CPU
		{38C59C20-D21E-4ED2-86E9-908067167EDE}.Debug|Any CPU.Build.0 = Debug|Any CPU
		{38C59C20-D21E-4ED2-86E9-908067167EDE}.Release|Any CPU.ActiveCfg = Release|Any CPU
		{38C59C20-D21E-4ED2-86E9-908067167EDE}.Release|Any CPU.Build.0 = Release|Any CPU
		{DE47402F-D430-4B74-8014-4BD74B872E0E}.Debug|Any CPU.ActiveCfg = Debug|Any CPU
		{DE47402F-D430-4B74-8014-4BD74B872E0E}.Debug|Any CPU.Build.0 = Debug|Any CPU
		{DE47402F-D430-4B74-8014-4BD74B872E0E}.Release|Any CPU.ActiveCfg = Release|Any CPU
		{DE47402F-D430-4B74-8014-4BD74B872E0E}.Release|Any CPU.Build.0 = Release|Any CPU
		{26D51893-6E30-4012-A5D5-3BCE042C396B}.Debug|Any CPU.ActiveCfg = Debug|Any CPU
		{26D51893-6E30-4012-A5D5-3BCE042C396B}.Debug|Any CPU.Build.0 = Debug|Any CPU
		{26D51893-6E30-4012-A5D5-3BCE042C396B}.Release|Any CPU.ActiveCfg = Release|Any CPU
		{26D51893-6E30-4012-A5D5-3BCE042C396B}.Release|Any CPU.Build.0 = Release|Any CPU
		{6BBAA75C-24DD-4274-872A-B9FD581F6C9B}.Debug|Any CPU.ActiveCfg = Debug|Any CPU
		{6BBAA75C-24DD-4274-872A-B9FD581F6C9B}.Debug|Any CPU.Build.0 = Debug|Any CPU
		{6BBAA75C-24DD-4274-872A-B9FD581F6C9B}.Release|Any CPU.ActiveCfg = Release|Any CPU
		{6BBAA75C-24DD-4274-872A-B9FD581F6C9B}.Release|Any CPU.Build.0 = Release|Any CPU
		{6AE011CC-0AB9-40BC-914F-1F7230E29F4D}.Debug|Any CPU.ActiveCfg = Debug|Any CPU
		{6AE011CC-0AB9-40BC-914F-1F7230E29F4D}.Debug|Any CPU.Build.0 = Debug|Any CPU
		{6AE011CC-0AB9-40BC-914F-1F7230E29F4D}.Release|Any CPU.ActiveCfg = Release|Any CPU
		{6AE011CC-0AB9-40BC-914F-1F7230E29F4D}.Release|Any CPU.Build.0 = Release|Any CPU
		{C7945241-70FC-4471-BC6F-1B31F9C200DF}.Debug|Any CPU.ActiveCfg = Debug|Any CPU
		{C7945241-70FC-4471-BC6F-1B31F9C200DF}.Debug|Any CPU.Build.0 = Debug|Any CPU
		{C7945241-70FC-4471-BC6F-1B31F9C200DF}.Release|Any CPU.ActiveCfg = Release|Any CPU
		{C7945241-70FC-4471-BC6F-1B31F9C200DF}.Release|Any CPU.Build.0 = Release|Any CPU
	EndGlobalSection
	GlobalSection(SolutionProperties) = preSolution
		HideSolutionNode = FALSE
	EndGlobalSection
	GlobalSection(NestedProjects) = preSolution
		{26D51893-6E30-4012-A5D5-3BCE042C396B} = {0487C56B-9035-41E7-BB81-EB48D44D5906}
		{6AE011CC-0AB9-40BC-914F-1F7230E29F4D} = {0487C56B-9035-41E7-BB81-EB48D44D5906}
	EndGlobalSection
	GlobalSection(ExtensibilityGlobals) = postSolution
		SolutionGuid = {9E156253-E7B9-42C0-8623-F24345277414}
	EndGlobalSection
EndGlobal
